
Microsoft Visual Studio Solution File, Format Version 12.00
# Visual Studio 15
VisualStudioVersion = 15.0.26730.8
MinimumVisualStudioVersion = 10.0.40219.1
Project("{FAE04EC0-301F-11D3-BF4B-00C04F79EFBC}") = "SGFlooring.UI", "SGFlooring.UI\SGFlooring.UI.csproj", "{751BA4EA-9AB7-4D0C-95A2-2DC1D3449CCF}"
EndProject
Global
	GlobalSection(SolutionConfigurationPlatforms) = preSolution
		Debug|Any CPU = Debug|Any CPU
		Release|Any CPU = Release|Any CPU
	EndGlobalSection
	GlobalSection(ProjectConfigurationPlatforms) = postSolution
		{751BA4EA-9AB7-4D0C-95A2-2DC1D3449CCF}.Debug|Any CPU.ActiveCfg = Debug|Any CPU
		{751BA4EA-9AB7-4D0C-95A2-2DC1D3449CCF}.Debug|Any CPU.Build.0 = Debug|Any CPU
		{751BA4EA-9AB7-4D0C-95A2-2DC1D3449CCF}.Release|Any CPU.ActiveCfg = Release|Any CPU
		{751BA4EA-9AB7-4D0C-95A2-2DC1D3449CCF}.Release|Any CPU.Build.0 = Release|Any CPU
	EndGlobalSection
	GlobalSection(SolutionProperties) = preSolution
		HideSolutionNode = FALSE
	EndGlobalSection
	GlobalSection(ExtensibilityGlobals) = postSolution
		SolutionGuid = {8E302826-586C-4AB2-A503-7B7C3D6A7765}
	EndGlobalSection
EndGlobal
