
Microsoft Visual Studio Solution File, Format Version 12.00
# Visual Studio 15
VisualStudioVersion = 15.0.26730.8
MinimumVisualStudioVersion = 10.0.40219.1
Project("{FAE04EC0-301F-11D3-BF4B-00C04F79EFBC}") = "GuessingGame.UI", "GuessingGameNEW\GuessingGame.UI.csproj", "{6B85134A-CB1D-4325-ACDF-8BAB2A6D947E}"
EndProject
Project("{FAE04EC0-301F-11D3-BF4B-00C04F79EFBC}") = "GuessingGame.BLL", "ClassLibrary1\GuessingGame.BLL.csproj", "{6BE73DD2-F7F4-49DA-94FC-5E0B60020927}"
EndProject
Project("{FAE04EC0-301F-11D3-BF4B-00C04F79EFBC}") = "GuessingGame.Tests", "GuessingGame.Tests\GuessingGame.Tests.csproj", "{3DBD45A4-0491-402A-9E42-5F5A9080F45D}"
EndProject
Global
	GlobalSection(SolutionConfigurationPlatforms) = preSolution
		Debug|Any CPU = Debug|Any CPU
		Release|Any CPU = Release|Any CPU
	EndGlobalSection
	GlobalSection(ProjectConfigurationPlatforms) = postSolution
		{6B85134A-CB1D-4325-ACDF-8BAB2A6D947E}.Debug|Any CPU.ActiveCfg = Debug|Any CPU
		{6B85134A-CB1D-4325-ACDF-8BAB2A6D947E}.Debug|Any CPU.Build.0 = Debug|Any CPU
		{6B85134A-CB1D-4325-ACDF-8BAB2A6D947E}.Release|Any CPU.ActiveCfg = Release|Any CPU
		{6B85134A-CB1D-4325-ACDF-8BAB2A6D947E}.Release|Any CPU.Build.0 = Release|Any CPU
		{6BE73DD2-F7F4-49DA-94FC-5E0B60020927}.Debug|Any CPU.ActiveCfg = Debug|Any CPU
		{6BE73DD2-F7F4-49DA-94FC-5E0B60020927}.Debug|Any CPU.Build.0 = Debug|Any CPU
		{6BE73DD2-F7F4-49DA-94FC-5E0B60020927}.Release|Any CPU.ActiveCfg = Release|Any CPU
		{6BE73DD2-F7F4-49DA-94FC-5E0B60020927}.Release|Any CPU.Build.0 = Release|Any CPU
		{3DBD45A4-0491-402A-9E42-5F5A9080F45D}.Debug|Any CPU.ActiveCfg = Debug|Any CPU
		{3DBD45A4-0491-402A-9E42-5F5A9080F45D}.Debug|Any CPU.Build.0 = Debug|Any CPU
		{3DBD45A4-0491-402A-9E42-5F5A9080F45D}.Release|Any CPU.ActiveCfg = Release|Any CPU
		{3DBD45A4-0491-402A-9E42-5F5A9080F45D}.Release|Any CPU.Build.0 = Release|Any CPU
	EndGlobalSection
	GlobalSection(SolutionProperties) = preSolution
		HideSolutionNode = FALSE
	EndGlobalSection
	GlobalSection(ExtensibilityGlobals) = postSolution
		SolutionGuid = {0CE7D221-0B02-43CE-9784-5992C8BB4214}
	EndGlobalSection
EndGlobal
