
Microsoft Visual Studio Solution File, Format Version 12.00
# Visual Studio 15
VisualStudioVersion = 15.0.26730.8
MinimumVisualStudioVersion = 10.0.40219.1
Project("{FAE04EC0-301F-11D3-BF4B-00C04F79EFBC}") = "SGBank.UI", "SGBank.UI\SGBank.UI.csproj", "{EC336672-8BB3-4789-9DD9-D39BE696D924}"
EndProject
Project("{FAE04EC0-301F-11D3-BF4B-00C04F79EFBC}") = "SGBank.Models", "SGBank.Models\SGBank.Models.csproj", "{4BE9F062-2D16-4F70-B140-2B5BBC526AC2}"
EndProject
Project("{FAE04EC0-301F-11D3-BF4B-00C04F79EFBC}") = "SGBank.BLL", "SGBank.BLL\SGBank.BLL.csproj", "{83079E35-B865-4179-8FA8-67EB429206D6}"
EndProject
Project("{FAE04EC0-301F-11D3-BF4B-00C04F79EFBC}") = "SGBank.Data", "SGBank.Data\SGBank.Data.csproj", "{49D1C045-120B-419A-AFA9-E4E2892D4E34}"
EndProject
Project("{FAE04EC0-301F-11D3-BF4B-00C04F79EFBC}") = "SGBank.Tests", "SGBank.Tests\SGBank.Tests.csproj", "{90329B6E-64B2-48C5-BFD2-C7EF709EA213}"
EndProject
Global
	GlobalSection(SolutionConfigurationPlatforms) = preSolution
		Debug|Any CPU = Debug|Any CPU
		Release|Any CPU = Release|Any CPU
	EndGlobalSection
	GlobalSection(ProjectConfigurationPlatforms) = postSolution
		{EC336672-8BB3-4789-9DD9-D39BE696D924}.Debug|Any CPU.ActiveCfg = Debug|Any CPU
		{EC336672-8BB3-4789-9DD9-D39BE696D924}.Debug|Any CPU.Build.0 = Debug|Any CPU
		{EC336672-8BB3-4789-9DD9-D39BE696D924}.Release|Any CPU.ActiveCfg = Release|Any CPU
		{EC336672-8BB3-4789-9DD9-D39BE696D924}.Release|Any CPU.Build.0 = Release|Any CPU
		{4BE9F062-2D16-4F70-B140-2B5BBC526AC2}.Debug|Any CPU.ActiveCfg = Debug|Any CPU
		{4BE9F062-2D16-4F70-B140-2B5BBC526AC2}.Debug|Any CPU.Build.0 = Debug|Any CPU
		{4BE9F062-2D16-4F70-B140-2B5BBC526AC2}.Release|Any CPU.ActiveCfg = Release|Any CPU
		{4BE9F062-2D16-4F70-B140-2B5BBC526AC2}.Release|Any CPU.Build.0 = Release|Any CPU
		{83079E35-B865-4179-8FA8-67EB429206D6}.Debug|Any CPU.ActiveCfg = Debug|Any CPU
		{83079E35-B865-4179-8FA8-67EB429206D6}.Debug|Any CPU.Build.0 = Debug|Any CPU
		{83079E35-B865-4179-8FA8-67EB429206D6}.Release|Any CPU.ActiveCfg = Release|Any CPU
		{83079E35-B865-4179-8FA8-67EB429206D6}.Release|Any CPU.Build.0 = Release|Any CPU
		{49D1C045-120B-419A-AFA9-E4E2892D4E34}.Debug|Any CPU.ActiveCfg = Debug|Any CPU
		{49D1C045-120B-419A-AFA9-E4E2892D4E34}.Debug|Any CPU.Build.0 = Debug|Any CPU
		{49D1C045-120B-419A-AFA9-E4E2892D4E34}.Release|Any CPU.ActiveCfg = Release|Any CPU
		{49D1C045-120B-419A-AFA9-E4E2892D4E34}.Release|Any CPU.Build.0 = Release|Any CPU
		{90329B6E-64B2-48C5-BFD2-C7EF709EA213}.Debug|Any CPU.ActiveCfg = Debug|Any CPU
		{90329B6E-64B2-48C5-BFD2-C7EF709EA213}.Debug|Any CPU.Build.0 = Debug|Any CPU
		{90329B6E-64B2-48C5-BFD2-C7EF709EA213}.Release|Any CPU.ActiveCfg = Release|Any CPU
		{90329B6E-64B2-48C5-BFD2-C7EF709EA213}.Release|Any CPU.Build.0 = Release|Any CPU
	EndGlobalSection
	GlobalSection(SolutionProperties) = preSolution
		HideSolutionNode = FALSE
	EndGlobalSection
	GlobalSection(ExtensibilityGlobals) = postSolution
		SolutionGuid = {01003810-1222-4322-B4E0-786CB648ABF6}
	EndGlobalSection
EndGlobal
