
Microsoft Visual Studio Solution File, Format Version 12.00
# Visual Studio 15
VisualStudioVersion = 15.0.26730.8
MinimumVisualStudioVersion = 10.0.40219.1
Project("{FAE04EC0-301F-11D3-BF4B-00C04F79EFBC}") = "SG.Calculator.BLL", "ClassLibrary1\SG.Calculator.BLL.csproj", "{58D6A024-0310-4338-BE22-FD5D564A78AB}"
EndProject
Project("{FAE04EC0-301F-11D3-BF4B-00C04F79EFBC}") = "SG.Calculator.Tests", "SG.Calculator.Tests\SG.Calculator.Tests.csproj", "{78F274BD-33F4-418D-A432-C2BE61609FF8}"
EndProject
Global
	GlobalSection(SolutionConfigurationPlatforms) = preSolution
		Debug|Any CPU = Debug|Any CPU
		Release|Any CPU = Release|Any CPU
	EndGlobalSection
	GlobalSection(ProjectConfigurationPlatforms) = postSolution
		{58D6A024-0310-4338-BE22-FD5D564A78AB}.Debug|Any CPU.ActiveCfg = Debug|Any CPU
		{58D6A024-0310-4338-BE22-FD5D564A78AB}.Debug|Any CPU.Build.0 = Debug|Any CPU
		{58D6A024-0310-4338-BE22-FD5D564A78AB}.Release|Any CPU.ActiveCfg = Release|Any CPU
		{58D6A024-0310-4338-BE22-FD5D564A78AB}.Release|Any CPU.Build.0 = Release|Any CPU
		{78F274BD-33F4-418D-A432-C2BE61609FF8}.Debug|Any CPU.ActiveCfg = Debug|Any CPU
		{78F274BD-33F4-418D-A432-C2BE61609FF8}.Debug|Any CPU.Build.0 = Debug|Any CPU
		{78F274BD-33F4-418D-A432-C2BE61609FF8}.Release|Any CPU.ActiveCfg = Release|Any CPU
		{78F274BD-33F4-418D-A432-C2BE61609FF8}.Release|Any CPU.Build.0 = Release|Any CPU
	EndGlobalSection
	GlobalSection(SolutionProperties) = preSolution
		HideSolutionNode = FALSE
	EndGlobalSection
	GlobalSection(ExtensibilityGlobals) = postSolution
		SolutionGuid = {128C1B18-9EEA-462C-BF2E-AF5E68C098A3}
	EndGlobalSection
EndGlobal
