
Microsoft Visual Studio Solution File, Format Version 12.00
# Visual Studio 15
VisualStudioVersion = 15.0.26730.8
MinimumVisualStudioVersion = 10.0.40219.1
Project("{FAE04EC0-301F-11D3-BF4B-00C04F79EFBC}") = "RPG.Inventory", "RPG.Inventory\RPG.Inventory.csproj", "{476BA5CC-E12A-4794-959A-223574D8708A}"
EndProject
Project("{FAE04EC0-301F-11D3-BF4B-00C04F79EFBC}") = "RPG.Intentory.Tests", "RPG.Intentory.Tests\RPG.Intentory.Tests.csproj", "{0AA594C7-F36A-4BD5-BDF4-696F6B0AD53E}"
EndProject
Global
	GlobalSection(SolutionConfigurationPlatforms) = preSolution
		Debug|Any CPU = Debug|Any CPU
		Release|Any CPU = Release|Any CPU
	EndGlobalSection
	GlobalSection(ProjectConfigurationPlatforms) = postSolution
		{476BA5CC-E12A-4794-959A-223574D8708A}.Debug|Any CPU.ActiveCfg = Debug|Any CPU
		{476BA5CC-E12A-4794-959A-223574D8708A}.Debug|Any CPU.Build.0 = Debug|Any CPU
		{476BA5CC-E12A-4794-959A-223574D8708A}.Release|Any CPU.ActiveCfg = Release|Any CPU
		{476BA5CC-E12A-4794-959A-223574D8708A}.Release|Any CPU.Build.0 = Release|Any CPU
		{0AA594C7-F36A-4BD5-BDF4-696F6B0AD53E}.Debug|Any CPU.ActiveCfg = Debug|Any CPU
		{0AA594C7-F36A-4BD5-BDF4-696F6B0AD53E}.Debug|Any CPU.Build.0 = Debug|Any CPU
		{0AA594C7-F36A-4BD5-BDF4-696F6B0AD53E}.Release|Any CPU.ActiveCfg = Release|Any CPU
		{0AA594C7-F36A-4BD5-BDF4-696F6B0AD53E}.Release|Any CPU.Build.0 = Release|Any CPU
	EndGlobalSection
	GlobalSection(SolutionProperties) = preSolution
		HideSolutionNode = FALSE
	EndGlobalSection
	GlobalSection(ExtensibilityGlobals) = postSolution
		SolutionGuid = {A5EB81EC-5F11-46CC-90EB-4DF4CF8DC4EE}
	EndGlobalSection
EndGlobal
