
Microsoft Visual Studio Solution File, Format Version 12.00
# Visual Studio 15
VisualStudioVersion = 15.0.26430.13
MinimumVisualStudioVersion = 10.0.40219.1
Project("{FAE04EC0-301F-11D3-BF4B-00C04F79EFBC}") = "TicTacToe.UI", "TicTacToe.UI\TicTacToe.UI.csproj", "{93C0D1DF-30E5-4143-B46A-71F590314809}"
EndProject
Project("{FAE04EC0-301F-11D3-BF4B-00C04F79EFBC}") = "TicTacToe.BLL", "TicTacToe.BLL\TicTacToe.BLL.csproj", "{42C920ED-F339-4206-BA04-95252678137D}"
EndProject
Global
	GlobalSection(SolutionConfigurationPlatforms) = preSolution
		Debug|Any CPU = Debug|Any CPU
		Release|Any CPU = Release|Any CPU
	EndGlobalSection
	GlobalSection(ProjectConfigurationPlatforms) = postSolution
		{93C0D1DF-30E5-4143-B46A-71F590314809}.Debug|Any CPU.ActiveCfg = Debug|Any CPU
		{93C0D1DF-30E5-4143-B46A-71F590314809}.Debug|Any CPU.Build.0 = Debug|Any CPU
		{93C0D1DF-30E5-4143-B46A-71F590314809}.Release|Any CPU.ActiveCfg = Release|Any CPU
		{93C0D1DF-30E5-4143-B46A-71F590314809}.Release|Any CPU.Build.0 = Release|Any CPU
		{42C920ED-F339-4206-BA04-95252678137D}.Debug|Any CPU.ActiveCfg = Debug|Any CPU
		{42C920ED-F339-4206-BA04-95252678137D}.Debug|Any CPU.Build.0 = Debug|Any CPU
		{42C920ED-F339-4206-BA04-95252678137D}.Release|Any CPU.ActiveCfg = Release|Any CPU
		{42C920ED-F339-4206-BA04-95252678137D}.Release|Any CPU.Build.0 = Release|Any CPU
	EndGlobalSection
	GlobalSection(SolutionProperties) = preSolution
		HideSolutionNode = FALSE
	EndGlobalSection
EndGlobal
